{
  "R": {
    "Version": "3.6.0",
    "Repositories": [
      {
        "Name": "CRAN",
        "URL": "https://cran.rstudio.com"
      }
    ]
  },
  "Packages": {
    "BH": {
      "Package": "BH",
      "Version": "1.69.0-1",
      "Source": "Repository",
      "Repository": "CRAN",
      "Hash": "0fde015f5153e51df44981da0767f522"
    },
    "DBI": {
      "Package": "DBI",
      "Version": "1.0.0",
      "Source": "Repository",
      "Repository": "CRAN",
      "Hash": "2b2b6ea2111e1e57e192765d5013a3c5"
    },
    "ForeCA": {
      "Package": "ForeCA",
      "Version": "0.2.4",
      "Source": "Repository",
      "Repository": "CRAN",
      "Hash": "64afc92b66a4cc39d95cd859b1f0c8f4"
    },
    "Formula": {
      "Package": "Formula",
      "Version": "1.2-3",
      "Source": "Repository",
      "Repository": "CRAN",
      "Hash": "f9553de47f7d1a96f855f8bc6dff1dfe"
    },
    "Hmisc": {
      "Package": "Hmisc",
      "Version": "4.3-0",
      "Source": "Repository",
      "Repository": "CRAN",
      "Hash": "734709b1d7c91916c3fe8cb5237197dd"
    },
    "M4comp2018": {
      "Package": "M4comp2018",
      "Version": "0.2.0",
      "Source": "unknown",
      "Hash": "caefe8fda2c70af55216f7e0760ccb0c"
    },
    "MASS": {
      "Package": "MASS",
      "Version": "7.3-51.4",
      "Source": "Repository",
      "Repository": "CRAN",
      "Hash": "a489ad42493fa9bfac8f3e3a3bc7d4ca"
    },
    "Matrix": {
      "Package": "Matrix",
      "Version": "1.2-17",
      "Source": "Repository",
      "Repository": "CRAN",
      "Hash": "a60009c832f495604f54399f21d89cc8"
    },
    "Mcomp": {
      "Package": "Mcomp",
      "Version": "2.8",
      "Source": "Repository",
      "Repository": "CRAN",
      "Hash": "f52572c186d8f4be2c16b6a15bdc6514"
    },
    "MonashEBSTemplates": {
      "Package": "MonashEBSTemplates",
      "Version": "0.2",
      "Source": "GitHub",
      "RemoteType": "github",
      "RemoteHost": "api.github.com",
      "RemoteRepo": "MonashEBSTemplates",
      "RemoteUsername": "robjhyndman",
      "RemoteRef": "master",
      "RemoteSha": "4b2dc2b58f179ba33f437c016f21c5bd99001278",
      "Hash": "997841f80283391268ab7ef5307fad05"
    },
    "R6": {
      "Package": "R6",
      "Version": "2.4.1",
      "Source": "Repository",
      "Repository": "CRAN",
      "Hash": "32b894df8893259af194abdc2b1fc366"
    },
    "RColorBrewer": {
      "Package": "RColorBrewer",
      "Version": "1.1-2",
      "Source": "Repository",
      "Repository": "CRAN",
      "Hash": "f8a3bcc800d613797f1dfdf8ef4f0bfc"
    },
    "Rcpp": {
      "Package": "Rcpp",
      "Version": "1.0.3",
      "Source": "Repository",
      "Repository": "CRAN",
      "Hash": "084336e3a1a0d358337525d7a394bb8b"
    },
    "RcppArmadillo": {
      "Package": "RcppArmadillo",
      "Version": "0.9.800.1.0",
      "Source": "Repository",
      "Repository": "CRAN",
      "Hash": "e60ca677f31a2d149c5865f72498f9d8"
    },
    "RcppRoll": {
      "Package": "RcppRoll",
      "Version": "0.3.0",
      "Source": "Repository",
      "Repository": "CRAN",
      "Hash": "2f4288aac396712ebeec16ff660a42a9"
    },
    "TTR": {
      "Package": "TTR",
      "Version": "0.23-5",
      "Source": "Repository",
      "Repository": "CRAN",
      "Hash": "4092daff86740928693e748de5327e4a"
    },
    "acepack": {
      "Package": "acepack",
      "Version": "1.4.1",
      "Source": "Repository",
      "Repository": "CRAN",
      "Hash": "3794f982df501c9d1503ea0d32648042"
    },
    "askpass": {
      "Package": "askpass",
      "Version": "1.1",
      "Source": "Repository",
      "Repository": "CRAN",
      "Hash": "46678e19f261db289be40292d8e5d5bf"
    },
    "assertthat": {
      "Package": "assertthat",
      "Version": "0.2.1",
      "Source": "Repository",
      "Repository": "CRAN",
      "Hash": "19fb3d0ad048b4eb1a05cacffbae1f66"
    },
    "backports": {
      "Package": "backports",
      "Version": "1.1.5",
      "Source": "Repository",
      "Repository": "CRAN",
      "Hash": "dbb1e40b6f07d378cce8abc3b5fa6326"
    },
    "base64enc": {
      "Package": "base64enc",
      "Version": "0.1-3",
      "Source": "Repository",
      "Repository": "CRAN",
      "Hash": "d355963b4b1c3039bfe8d65611a11cca"
    },
    "binb": {
      "Package": "binb",
      "Version": "0.0.3",
      "Source": "Repository",
      "Repository": "CRAN",
      "Hash": "e3848ee00333c80ba16456c0a972d222"
    },
    "bookdown": {
      "Package": "bookdown",
      "Version": "0.14",
      "Source": "Repository",
      "Repository": "CRAN",
      "Hash": "7be91ff9faf41931487a98dfc404608e"
    },
    "broom": {
      "Package": "broom",
      "Version": "0.5.2",
      "Source": "Repository",
      "Repository": "CRAN",
      "Hash": "a6cfb50e5172a20815db00739aab4e78"
    },
    "callr": {
      "Package": "callr",
      "Version": "3.3.2",
      "Source": "Repository",
      "Repository": "CRAN",
      "Hash": "3826226af5ca33cd8fa0b1d9c190b300"
    },
    "cellranger": {
      "Package": "cellranger",
      "Version": "1.1.0",
      "Source": "Repository",
      "Repository": "CRAN",
      "Hash": "2cd2a065192f3ba08a919d8800dba7e0"
    },
    "checkmate": {
      "Package": "checkmate",
      "Version": "1.9.4",
      "Source": "Repository",
      "Repository": "CRAN",
      "Hash": "51788d50ba2a6ac3bf71efadaf1f76d9"
    },
    "cli": {
      "Package": "cli",
      "Version": "1.1.0",
      "Source": "Repository",
      "Repository": "CRAN",
      "Hash": "9b3dc7798f53ba3050b41ce4a3febdc5"
    },
    "clipr": {
      "Package": "clipr",
      "Version": "0.7.0",
      "Source": "Repository",
      "Repository": "CRAN",
      "Hash": "9a99b54d2baf9393d0a68b6ea9513ee6"
    },
    "cluster": {
      "Package": "cluster",
      "Version": "2.0.8",
      "Source": "Repository",
      "Repository": "CRAN",
      "Hash": "b2921eb04f13511b300dc099b68bff73"
    },
    "codetools": {
      "Package": "codetools",
      "Version": "0.2-16",
      "Source": "Repository",
      "Repository": "CRAN",
      "Hash": "3bf2a0853d7faf7f865d0b877946e452"
    },
    "colorspace": {
      "Package": "colorspace",
      "Version": "1.4-1",
      "Source": "Repository",
      "Repository": "CRAN",
      "Hash": "c25d49739abb6ebf4b3d0c3565574226"
    },
    "cowplot": {
      "Package": "cowplot",
      "Version": "0.9.4",
      "Source": "Repository",
      "Repository": "CRAN",
      "Hash": "748194820aa17ed96b151582c1bae031"
    },
    "crayon": {
      "Package": "crayon",
      "Version": "1.3.4",
      "Source": "Repository",
      "Repository": "CRAN",
      "Hash": "d308ead32010b8e4d76c4690427da50b"
    },
    "curl": {
      "Package": "curl",
      "Version": "4.2",
      "Source": "Repository",
      "Repository": "CRAN",
      "Hash": "63410438360944341b6bba487340a466"
    },
    "data.table": {
      "Package": "data.table",
      "Version": "1.12.6",
      "Source": "Repository",
      "Repository": "CRAN",
      "Hash": "e4c9420e97e4b574c7f7cd00fa4c1879"
    },
    "dbplyr": {
      "Package": "dbplyr",
      "Version": "1.4.2",
      "Source": "Repository",
      "Repository": "CRAN",
      "Hash": "aa3740879c38e6c11a93bd981521035a"
    },
    "digest": {
      "Package": "digest",
      "Version": "0.6.23",
      "Source": "Repository",
      "Repository": "CRAN",
      "Hash": "ed4a691194af45374f99d2d700400240"
    },
    "dplyr": {
      "Package": "dplyr",
      "Version": "0.8.3",
      "Source": "Repository",
      "Repository": "CRAN",
      "Hash": "17783831e1e918ab250dcae5dd9c6e03"
    },
    "ellipsis": {
      "Package": "ellipsis",
      "Version": "0.3.0",
      "Source": "Repository",
      "Repository": "CRAN",
      "Hash": "d9e858795a1a4ebfe6960e4514449d40"
    },
    "evaluate": {
      "Package": "evaluate",
      "Version": "0.14",
      "Source": "Repository",
      "Repository": "CRAN",
      "Hash": "5a6c1949963e0785dbcbb0556337d61e"
    },
    "fansi": {
      "Package": "fansi",
      "Version": "0.4.0",
      "Source": "Repository",
      "Repository": "CRAN",
      "Hash": "cd87b0162287f0da225edfaa2fd3a20c"
    },
    "farver": {
      "Package": "farver",
      "Version": "2.0.1",
      "Source": "Repository",
      "Repository": "CRAN",
      "Hash": "8b389e971e00a574360051d7dd84d823"
    },
    "forcats": {
      "Package": "forcats",
      "Version": "0.4.0",
      "Source": "Repository",
      "Repository": "CRAN",
      "Hash": "4d7e4a2ed5adadda6714eb7b9361213b"
    },
    "forecTheta": {
      "Package": "forecTheta",
      "Version": "2.2",
      "Source": "Repository",
      "Repository": "CRAN",
      "Hash": "8ab798d446c3b27d4cc318bddc0e8012"
    },
    "forecast": {
      "Package": "forecast",
      "Version": "8.9",
      "Source": "Repository",
      "Repository": "CRAN",
      "Hash": "bc0133a64723631a4bdccb0bb869545f"
    },
    "foreign": {
      "Package": "foreign",
      "Version": "0.8-71",
      "Source": "Repository",
      "Repository": "CRAN",
      "Hash": "0a3e9cb4f946d20e3ce0eae1ae17c746"
    },
    "fracdiff": {
      "Package": "fracdiff",
      "Version": "1.4-2",
      "Source": "Repository",
      "Repository": "CRAN",
      "Hash": "0de8a12cc5773714af6e1aa4406ca841"
    },
    "fs": {
      "Package": "fs",
      "Version": "1.3.1",
      "Source": "Repository",
      "Repository": "CRAN",
      "Hash": "dba7e43c4103d978cb7c95b97987cc68"
    },
    "furrr": {
      "Package": "furrr",
      "Version": "0.1.0",
      "Source": "Repository",
      "Repository": "CRAN",
      "Hash": "ba787bdceee408b8f399c653fcee1601"
    },
    "future": {
      "Package": "future",
      "Version": "1.15.0",
      "Source": "Repository",
      "Repository": "CRAN",
      "Hash": "01f6cc831a7f6f76a1c2f52e5479b144"
    },
    "generics": {
      "Package": "generics",
      "Version": "0.0.2",
      "Source": "Repository",
      "Repository": "CRAN",
      "Hash": "4e8e453aff36dd8ddac10ff157083e4f"
    },
    "ggplot2": {
      "Package": "ggplot2",
      "Version": "3.2.1",
      "Source": "Repository",
      "Repository": "CRAN",
      "Hash": "635db021d29f3523c4f88e82d0c01c5e"
    },
    "ggpubr": {
      "Package": "ggpubr",
      "Version": "0.2",
      "Source": "Repository",
      "Repository": "CRAN",
      "Hash": "542ada1f0776a446f9c28b2143078d71"
    },
    "ggrepel": {
      "Package": "ggrepel",
      "Version": "0.8.1",
      "Source": "Repository",
      "Repository": "CRAN",
      "Hash": "61257084e976294d3c97de988469d019"
    },
    "ggsci": {
      "Package": "ggsci",
      "Version": "2.9",
      "Source": "Repository",
      "Repository": "CRAN",
      "Hash": "f42bc4b0ee6da5125eb1268985121ad6"
    },
    "ggsignif": {
      "Package": "ggsignif",
      "Version": "0.5.0",
      "Source": "Repository",
      "Repository": "CRAN",
      "Hash": "93fd29c40bcd370d651910303a174280"
    },
    "globals": {
      "Package": "globals",
      "Version": "0.12.4",
      "Source": "Repository",
      "Repository": "CRAN",
      "Hash": "cf9ddd6b6fce90974d5bd9b5f80d08b0"
    },
    "glue": {
      "Package": "glue",
      "Version": "1.3.1",
      "Source": "Repository",
      "Repository": "CRAN",
      "Hash": "e8436e647719b7c9d01409767cd88cc8"
    },
    "gridExtra": {
      "Package": "gridExtra",
      "Version": "2.3",
      "Source": "Repository",
      "Repository": "CRAN",
      "Hash": "4626f6a59a3b1095e7bdc7bd02a3107f"
    },
    "gtable": {
      "Package": "gtable",
      "Version": "0.3.0",
      "Source": "Repository",
      "Repository": "CRAN",
      "Hash": "6a58b2980a57345822ec5f9c7d2d1751"
    },
    "haven": {
      "Package": "haven",
      "Version": "2.1.1",
      "Source": "Repository",
      "Repository": "CRAN",
      "Hash": "d1f21b8ced82ba581c26edfcc69d0c41"
    },
    "here": {
      "Package": "here",
      "Version": "0.1",
      "Source": "Repository",
      "Repository": "CRAN",
      "Hash": "17102304d55b3242d6199cddc0fd79f7"
    },
    "highr": {
      "Package": "highr",
      "Version": "0.8",
      "Source": "Repository",
      "Repository": "CRAN",
      "Hash": "43e36bc8bca1d8256f86933659c46349"
    },
    "hms": {
      "Package": "hms",
      "Version": "0.5.1",
      "Source": "Repository",
      "Repository": "CRAN",
      "Hash": "5c9cbb0d6f49109be1a771d963801847"
    },
    "htmlTable": {
      "Package": "htmlTable",
      "Version": "1.13.2",
      "Source": "Repository",
      "Repository": "CRAN",
      "Hash": "4b209d9e222f7fe844c752100b06c091"
    },
    "htmltools": {
      "Package": "htmltools",
      "Version": "0.4.0",
      "Source": "Repository",
      "Repository": "CRAN",
      "Hash": "639ced211d4574cb149a7906b22e110f"
    },
    "htmlwidgets": {
      "Package": "htmlwidgets",
      "Version": "1.5.1",
      "Source": "Repository",
      "Repository": "CRAN",
      "Hash": "f2ea129162a975cc3828d56d5270616d"
    },
    "httr": {
      "Package": "httr",
      "Version": "1.4.1",
      "Source": "Repository",
      "Repository": "CRAN",
      "Hash": "5dbd937df2ed15043fd4b49e1e217030"
    },
    "ifultools": {
      "Package": "ifultools",
      "Version": "2.0-5",
      "Source": "Repository",
      "Repository": "CRAN",
      "Hash": "e94b1c2e7ebd13ac4e619f6d51f77509"
    },
    "jsonlite": {
      "Package": "jsonlite",
      "Version": "1.6",
      "Source": "Repository",
      "Repository": "CRAN",
      "Hash": "b7e67b6a7bc2fdae729c0f3ff9026a8a"
    },
    "knitr": {
      "Package": "knitr",
      "Version": "1.25",
      "Source": "Repository",
      "Repository": "CRAN",
      "Hash": "33a3a009f5e7c3606d6851692bf703d9"
    },
    "labeling": {
      "Package": "labeling",
      "Version": "0.3",
      "Source": "Repository",
      "Repository": "CRAN",
      "Hash": "e1f613894f080d1eee41c34b281a2184"
    },
    "lattice": {
      "Package": "lattice",
      "Version": "0.20-38",
      "Source": "Repository",
      "Repository": "CRAN",
      "Hash": "6f7aa123115b33bc9ad1ca800874b1de"
    },
    "latticeExtra": {
      "Package": "latticeExtra",
      "Version": "0.6-28",
      "Source": "Repository",
      "Repository": "CRAN",
      "Hash": "693779e46ee894695df882436c360bbe"
    },
    "lazyeval": {
      "Package": "lazyeval",
      "Version": "0.2.2",
      "Source": "Repository",
      "Repository": "CRAN",
      "Hash": "d2f5e98b8b7ae633e252830c3243c2ab"
    },
    "lifecycle": {
      "Package": "lifecycle",
      "Version": "0.1.0",
      "Source": "Repository",
      "Repository": "CRAN",
      "Hash": "670a552ae202a4f69e2e644f524dfffd"
    },
    "listenv": {
      "Package": "listenv",
      "Version": "0.7.0",
      "Source": "Repository",
      "Repository": "CRAN",
      "Hash": "7cdee13e292d057fce33553ea7eebbd7"
    },
    "lmtest": {
      "Package": "lmtest",
      "Version": "0.9-37",
      "Source": "Repository",
      "Repository": "CRAN",
      "Hash": "6b16ba7499ae5dffd8e751864d59b4e9"
    },
    "lubridate": {
      "Package": "lubridate",
      "Version": "1.7.4",
      "Source": "Repository",
      "Repository": "CRAN",
      "Hash": "d55fdb3732a8f047e49b86064dd78984"
    },
    "magrittr": {
      "Package": "magrittr",
      "Version": "1.5",
      "Source": "Repository",
      "Repository": "CRAN",
      "Hash": "dee1d97cffddfd3ed969e224bd0826d0"
    },
    "markdown": {
      "Package": "markdown",
      "Version": "1.1",
      "Source": "Repository",
      "Repository": "CRAN",
      "Hash": "80e1f73841614fa35f82a85d66fb41da"
    },
    "mgcv": {
      "Package": "mgcv",
      "Version": "1.8-28",
      "Source": "Repository",
      "Repository": "CRAN",
      "Hash": "6ac256e4fdcf33c11f9ed987927cc614"
    },
    "mime": {
      "Package": "mime",
      "Version": "0.7",
      "Source": "Repository",
      "Repository": "CRAN",
      "Hash": "908d95ccbfd1dd274073ef07a7c93934"
    },
    "modelr": {
      "Package": "modelr",
      "Version": "0.1.4",
      "Source": "Repository",
      "Repository": "CRAN",
      "Hash": "4e872a6c94b3fe47bb022010fd131d4b"
    },
    "munsell": {
      "Package": "munsell",
      "Version": "0.5.0",
      "Source": "Repository",
      "Repository": "CRAN",
      "Hash": "9111af6c6dec65538ebd3de6c0bae864"
    },
    "nlme": {
      "Package": "nlme",
      "Version": "3.1-139",
      "Source": "Repository",
      "Repository": "CRAN",
      "Hash": "f37a1edfe478a9226eb53b918c9dd40a"
    },
    "nnet": {
      "Package": "nnet",
      "Version": "7.3-12",
      "Source": "Repository",
      "Repository": "CRAN",
      "Hash": "2a92e339b2aeab90147147e2cf7c8310"
    },
    "openssl": {
      "Package": "openssl",
      "Version": "1.4.1",
      "Source": "Repository",
      "Repository": "CRAN",
      "Hash": "6c438de366d5693238d1c400deb66cb6"
    },
    "patchwork": {
      "Package": "patchwork",
      "Version": "0.0.1",
      "Source": "GitHub",
      "RemoteType": "github",
      "RemoteHost": "api.github.com",
      "RemoteRepo": "patchwork",
      "RemoteUsername": "thomasp85",
      "RemoteRef": "master",
      "RemoteSha": "36b4918777c25393df605a4959a4c9690d2af186",
      "Hash": "6623b17bc5bf1f15411b57e31248fb37"
    },
    "pillar": {
      "Package": "pillar",
      "Version": "1.4.2",
      "Source": "Repository",
      "Repository": "CRAN",
      "Hash": "57645ff795277554eee14df5bcee8025"
    },
    "pkgconfig": {
      "Package": "pkgconfig",
      "Version": "2.0.3",
      "Source": "Repository",
      "Repository": "CRAN",
      "Hash": "587295d4cdb937d4e3cf19bd46829326"
    },
    "plogr": {
      "Package": "plogr",
      "Version": "0.2.0",
      "Source": "Repository",
      "Repository": "CRAN",
      "Hash": "1a8304cc1382ef64e3b710ba589d7bc0"
    },
    "plyr": {
      "Package": "plyr",
      "Version": "1.8.4",
      "Source": "Repository",
      "Repository": "CRAN",
      "Hash": "37dd0f3aadee2ac99e47168f4bffddb7"
    },
    "png": {
      "Package": "png",
      "Version": "0.1-7",
      "Source": "Repository",
      "Repository": "CRAN",
      "Hash": "2facb7d8929420c91d1ddc8d4636f787"
    },
    "polynom": {
      "Package": "polynom",
      "Version": "1.4-0",
      "Source": "Repository",
      "Repository": "CRAN",
      "Hash": "b6d95b8b8c64321e838d3c18b6ebff65"
    },
    "prettyunits": {
      "Package": "prettyunits",
      "Version": "1.0.2",
      "Source": "Repository",
      "Repository": "CRAN",
      "Hash": "33ce93b23647e85c127f8e1bb08604fc"
    },
    "processx": {
      "Package": "processx",
      "Version": "3.4.1",
      "Source": "Repository",
      "Repository": "CRAN",
      "Hash": "fec9b1a798e49d0609702929706a1dfc"
    },
    "progress": {
      "Package": "progress",
      "Version": "1.2.2",
      "Source": "Repository",
      "Repository": "CRAN",
      "Hash": "e8c47e04650b07d40c3c50a878a4dffa"
    },
    "ps": {
      "Package": "ps",
      "Version": "1.3.0",
      "Source": "Repository",
      "Repository": "CRAN",
      "Hash": "a38f3fd447d1595a3da538910054b911"
    },
    "purrr": {
      "Package": "purrr",
      "Version": "0.3.3",
      "Source": "Repository",
      "Repository": "CRAN",
      "Hash": "b174d35f8cfb40b0c0b66d2bb0bc4224"
    },
    "quadprog": {
      "Package": "quadprog",
      "Version": "1.5-8",
      "Source": "Repository",
      "Repository": "CRAN",
      "Hash": "4d6583d4c5273008ca593e89dcdf48fa"
    },
    "quantmod": {
      "Package": "quantmod",
      "Version": "0.4-15",
      "Source": "Repository",
      "Repository": "CRAN",
      "Hash": "18dd64d29c0f4b7903211384e1987a69"
    },
    "randomForest": {
      "Package": "randomForest",
      "Version": "4.6-14",
      "Source": "Repository",
      "Repository": "CRAN",
      "Hash": "b875652edb88cd66493a26779ee96b65"
    },
    "readr": {
      "Package": "readr",
      "Version": "1.3.1",
      "Source": "Repository",
      "Repository": "CRAN",
      "Hash": "60167b7ec3de99e76ff406aaf0f83bb4"
    },
    "readxl": {
      "Package": "readxl",
      "Version": "1.3.1",
      "Source": "Repository",
      "Repository": "CRAN",
      "Hash": "8a8b4695e87c90cc9423eb8994e76819"
    },
    "rematch": {
      "Package": "rematch",
      "Version": "1.0.1",
      "Source": "Repository",
      "Repository": "CRAN",
      "Hash": "d3d55a556f7f2e74f449d6a53b8abf8e"
    },
    "renv": {
      "Package": "renv",
      "Version": "0.8.2-14",
      "Source": "GitHub",
      "RemoteType": "github",
      "RemoteHost": "api.github.com",
      "RemoteRepo": "renv",
      "RemoteUsername": "rstudio",
      "RemoteRef": "master",
      "RemoteSha": "035ef8989d5882d95ae70b3f8ff8f92c916fb70d",
      "Hash": "cbcdda2f0c4f20ed6b0abf87e0c1aeb9"
    },
    "reprex": {
      "Package": "reprex",
      "Version": "0.3.0",
      "Source": "Repository",
      "Repository": "CRAN",
      "Hash": "e5c16307a512cdaea9adddacde0671af"
    },
    "reshape2": {
      "Package": "reshape2",
      "Version": "1.4.3",
      "Source": "Repository",
      "Repository": "CRAN",
      "Hash": "ac685130d1a25e3f6470960fd29c5693"
    },
    "rlang": {
      "Package": "rlang",
      "Version": "0.4.2",
      "Source": "Repository",
      "Repository": "CRAN",
      "Hash": "d963fc6d77b53554f438d82ef8cbea62"
    },
    "rmarkdown": {
      "Package": "rmarkdown",
      "Version": "1.16",
      "Source": "Repository",
      "Repository": "CRAN",
      "Hash": "74352997ea70389458e7a8b7059dfb95"
    },
    "rpart": {
      "Package": "rpart",
      "Version": "4.1-15",
      "Source": "Repository",
      "Repository": "CRAN",
      "Hash": "0d0e7f0e3c22944bb9bf67d0d5636e50"
    },
    "rprojroot": {
      "Package": "rprojroot",
      "Version": "1.3-2",
      "Source": "Repository",
      "Repository": "CRAN",
      "Hash": "5382761b8b318da6dd3fb0f6dae3c43a"
    },
    "rstudioapi": {
      "Package": "rstudioapi",
      "Version": "0.10",
      "Source": "Repository",
      "Repository": "CRAN",
      "Hash": "04552808fd065fdf0fec7bad340eb83c"
    },
    "rvest": {
      "Package": "rvest",
      "Version": "0.3.4",
      "Source": "Repository",
      "Repository": "CRAN",
      "Hash": "76bb112bc3833454dc701230aa9cb3ed"
    },
    "sapa": {
      "Package": "sapa",
      "Version": "2.0-2",
      "Source": "Repository",
      "Repository": "CRAN",
      "Hash": "c42bd3824edc53a30f3e286d58213c58"
    },
    "scales": {
      "Package": "scales",
      "Version": "1.1.0",
      "Source": "Repository",
      "Repository": "CRAN",
      "Hash": "a98877092d646d981a9249d5ea7774ea"
    },
    "seer": {
      "Package": "seer",
      "Version": "1.1.4",
      "Source": "GitHub",
      "Remotes": "robjhyndman/tsfeatures",
      "RemoteType": "github",
      "RemoteHost": "api.github.com",
      "RemoteRepo": "seer",
      "RemoteUsername": "thiyangt",
      "RemoteRef": "master",
      "RemoteSha": "ca9c44676390e34039803c1519520504eb9651b8",
      "Hash": "990cc5b1c1f5b7df3fdecd88852360bb"
    },
    "selectr": {
      "Package": "selectr",
      "Version": "0.4-1",
      "Source": "Repository",
      "Repository": "CRAN",
      "Hash": "40ccee5dc2b97e197648525aefcfd0ba"
    },
    "splus2R": {
      "Package": "splus2R",
      "Version": "1.2-2",
      "Source": "Repository",
      "Repository": "CRAN",
      "Hash": "50b569e91ee262367988e54912535070"
    },
    "stringi": {
      "Package": "stringi",
      "Version": "1.4.3",
      "Source": "Repository",
      "Repository": "CRAN",
      "Hash": "113506f116db9dd5bd1caf46884e0647"
    },
    "stringr": {
      "Package": "stringr",
      "Version": "1.4.0",
      "Source": "Repository",
      "Repository": "CRAN",
      "Hash": "41d6310ad18bd019a203d7adc496a28b"
    },
    "survival": {
      "Package": "survival",
      "Version": "2.44-1.1",
      "Source": "Repository",
      "Repository": "CRAN",
      "Hash": "20bdedb74dc2c866f51e4ec9133480b1"
    },
    "sys": {
      "Package": "sys",
      "Version": "3.3",
      "Source": "Repository",
      "Repository": "CRAN",
      "Hash": "9ecf6bee5958b8977bd1db3131978a71"
    },
    "tibble": {
      "Package": "tibble",
      "Version": "2.1.3",
      "Source": "Repository",
      "Repository": "CRAN",
      "Hash": "a8d41bd284e21ab7e776d228dc5bac91"
    },
    "tidyr": {
      "Package": "tidyr",
      "Version": "0.8.3",
      "Source": "Repository",
      "Repository": "CRAN",
      "Hash": "51442fddca0f783dce03baffbe5b790b"
    },
    "tidyselect": {
      "Package": "tidyselect",
      "Version": "0.2.5",
      "Source": "Repository",
      "Repository": "CRAN",
      "Hash": "dc3fcbc21f04b293e0794e24982cf357"
    },
    "tidyverse": {
      "Package": "tidyverse",
      "Version": "1.2.1",
      "Source": "Repository",
      "Repository": "CRAN",
      "Hash": "ec414bb606232eb2f242f4e49706a0da"
    },
    "timeDate": {
      "Package": "timeDate",
      "Version": "3043.102",
      "Source": "Repository",
      "Repository": "CRAN",
      "Hash": "93f260c47c35e25620bb2af4ed8ed17e"
    },
    "tinytex": {
      "Package": "tinytex",
      "Version": "0.17",
      "Source": "Repository",
      "Repository": "CRAN",
      "Hash": "077c604ce8fd8096a8a47eea31faab8e"
    },
    "tseries": {
      "Package": "tseries",
      "Version": "0.10-47",
      "Source": "Repository",
      "Repository": "CRAN",
      "Hash": "f5ab1a7283be1d89a4329e0c4a056f95"
    },
    "tsfeatures": {
      "Package": "tsfeatures",
      "Version": "1.0.1",
      "Source": "GitHub",
      "RemoteType": "github",
      "RemoteHost": "api.github.com",
      "RemoteRepo": "tsfeatures",
      "RemoteUsername": "robjhyndman",
      "RemoteRef": "master",
      "RemoteSha": "f81d2fa30fc73551835ce04ca124207452513e42",
      "Hash": "3dba09006dc3f4bfc6ba5e21151106a5"
    },
    "urca": {
      "Package": "urca",
      "Version": "1.3-0",
      "Source": "Repository",
      "Repository": "CRAN",
      "Hash": "e08c28b117d65084ef07502a9f17a23b"
    },
    "utf8": {
      "Package": "utf8",
      "Version": "1.1.4",
      "Source": "Repository",
      "Repository": "CRAN",
      "Hash": "3f1a5a5b184f63379f8e6c08d5036c53"
    },
    "vctrs": {
      "Package": "vctrs",
      "Version": "0.2.0",
      "Source": "Repository",
      "Repository": "CRAN",
      "Hash": "4bdc6a6c4c5a434d880b73817d4ea641"
    },
    "viridis": {
      "Package": "viridis",
      "Version": "0.5.1",
      "Source": "Repository",
      "Repository": "CRAN",
      "Hash": "36f082a7e4f833bd4dc4839c5a8d2a84"
    },
    "viridisLite": {
      "Package": "viridisLite",
      "Version": "0.3.0",
      "Source": "Repository",
      "Repository": "CRAN",
      "Hash": "1f264fa42320c4f44b1689d89101e823"
    },
    "whisker": {
      "Package": "whisker",
      "Version": "0.4",
      "Source": "Repository",
      "Repository": "CRAN",
      "Hash": "99cb522b4fa9e2cf1592ac5163fd917f"
    },
    "withr": {
      "Package": "withr",
      "Version": "2.1.2",
      "Source": "Repository",
      "Repository": "CRAN",
      "Hash": "7c9aef08038f47e6c1532ed574a0e087"
    },
    "xfun": {
      "Package": "xfun",
      "Version": "0.10",
      "Source": "Repository",
      "Repository": "CRAN",
      "Hash": "b22f06440a75a69aa0c6c04cf5278d83"
    },
    "xml2": {
      "Package": "xml2",
      "Version": "1.2.2",
      "Source": "Repository",
      "Repository": "CRAN",
      "Hash": "22fa8b694a7ffcec094bfb94a405595d"
    },
    "xts": {
      "Package": "xts",
      "Version": "0.11-2",
      "Source": "Repository",
      "Repository": "CRAN",
      "Hash": "f0e867bb5363b60e4c2e594653973af3"
    },
    "yaml": {
      "Package": "yaml",
      "Version": "2.2.0",
      "Source": "Repository",
      "Repository": "CRAN",
      "Hash": "3a313c96061c4ac790de611dc57ebd1f"
    },
    "zeallot": {
      "Package": "zeallot",
      "Version": "0.1.0",
      "Source": "Repository",
      "Repository": "CRAN",
      "Hash": "45d65588b02d47970fc84adecb2ee664"
    },
    "zoo": {
      "Package": "zoo",
      "Version": "1.8-6",
      "Source": "Repository",
      "Repository": "CRAN",
      "Hash": "6a408ac88994695f76d7b4f7f19c4006"
    }
  }
}
